github.com/andreburgaud/crypt2go v1.0.0 h1:DZ/iQbNJpIibrO2gCwBE3aImwoz1jvvYbIT5z3cSjyU=
github.com/andreburgaud/crypt2go v1.0.0/go.mod h1:gnCdUGhKxQZrUU8/GJbni+BCYI6YC39PWEwiMIImJpI=
golang.org/x/crypto v0.0.0-20220525230936-793ad666bf5e h1:T8NU3HyQ8ClP4SEE+KbFlg6n0NhuTsN4MyznaarGsZM=
golang.org/x/crypto v0.0.0-20220525230936-793ad666bf5e/go.mod h1:IxCIyHEi3zRg3s0A5j5BB6A9Jmi73HwBIUl50j+osU4=
